// !$*UTF8*$!
{
	archiveVersion = 1;
	classes = {
	};
	objectVersion = 50;
	objects = {

/* Begin PBXBuildFile section */
		ABFF16F72254A75C00982E96 /* AppDelegate.m in Sources */ = {isa = PBXBuildFile; fileRef = ABFF16F62254A75C00982E96 /* AppDelegate.m */; };
		ABFF16FA2254A75C00982E96 /* ViewController.m in Sources */ = {isa = PBXBuildFile; fileRef = ABFF16F92254A75C00982E96 /* ViewController.m */; };
		ABFF16FD2254A75C00982E96 /* Main.storyboard in Resources */ = {isa = PBXBuildFile; fileRef = ABFF16FB2254A75C00982E96 /* Main.storyboard */; };
		ABFF16FF2254A75D00982E96 /* Assets.xcassets in Resources */ = {isa = PBXBuildFile; fileRef = ABFF16FE2254A75D00982E96 /* Assets.xcassets */; };
		ABFF17022254A75D00982E96 /* LaunchScreen.storyboard in Resources */ = {isa = PBXBuildFile; fileRef = ABFF17002254A75D00982E96 /* LaunchScreen.storyboard */; };
		ABFF17052254A75D00982E96 /* main.m in Sources */ = {isa = PBXBuildFile; fileRef = ABFF17042254A75D00982E96 /* main.m */; };
		ABFF170D2254A78000982E96 /* SYDeviceInformation.m in Sources */ = {isa = PBXBuildFile; fileRef = ABFF170C2254A78000982E96 /* SYDeviceInformation.m */; };
		ABFF17262255B78400982E96 /* AVFoundation.framework in Frameworks */ = {isa = PBXBuildFile; fileRef = ABFF17252255B78400982E96 /* AVFoundation.framework */; };
/* End PBXBuildFile section */

/* Begin PBXFileReference section */
		ABFF16F22254A75C00982E96 /* deviceInformation.app */ = {isa = PBXFileReference; explicitFileType = wrapper.application; includeInIndex = 0; path = deviceInformation.app; sourceTree = BUILT_PRODUCTS_DIR; };
		ABFF16F52254A75C00982E96 /* AppDelegate.h */ = {isa = PBXFileReference; lastKnownFileType = sourcecode.c.h; path = AppDelegate.h; sourceTree = "<group>"; };
		ABFF16F62254A75C00982E96 /* AppDelegate.m */ = {isa = PBXFileReference; lastKnownFileType = sourcecode.c.objc; path = AppDelegate.m; sourceTree = "<group>"; };
		ABFF16F82254A75C00982E96 /* ViewController.h */ = {isa = PBXFileReference; lastKnownFileType = sourcecode.c.h; path = ViewController.h; sourceTree = "<group>"; };
		ABFF16F92254A75C00982E96 /* ViewController.m */ = {isa = PBXFileReference; lastKnownFileType = sourcecode.c.objc; path = ViewController.m; sourceTree = "<group>"; };
		ABFF16FC2254A75C00982E96 /* Base */ = {isa = PBXFileReference; lastKnownFileType = file.storyboard; name = Base; path = Base.lproj/Main.storyboard; sourceTree = "<group>"; };
		ABFF16FE2254A75D00982E96 /* Assets.xcassets */ = {isa = PBXFileReference; lastKnownFileType = folder.assetcatalog; path = Assets.xcassets; sourceTree = "<group>"; };
		ABFF17012254A75D00982E96 /* Base */ = {isa = PBXFileReference; lastKnownFileType = file.storyboard; name = Base; path = Base.lproj/LaunchScreen.storyboard; sourceTree = "<group>"; };
		ABFF17032254A75D00982E96 /* Info.plist */ = {isa = PBXFileReference; lastKnownFileType = text.plist.xml; path = Info.plist; sourceTree = "<group>"; };
		ABFF17042254A75D00982E96 /* main.m */ = {isa = PBXFileReference; lastKnownFileType = sourcecode.c.objc; path = main.m; sourceTree = "<group>"; };
		ABFF170B2254A78000982E96 /* SYDeviceInformation.h */ = {isa = PBXFileReference; fileEncoding = 4; lastKnownFileType = sourcecode.c.h; path = SYDeviceInformation.h; sourceTree = "<group>"; };
		ABFF170C2254A78000982E96 /* SYDeviceInformation.m */ = {isa = PBXFileReference; fileEncoding = 4; lastKnownFileType = sourcecode.c.objc; path = SYDeviceInformation.m; sourceTree = "<group>"; };
		ABFF17252255B78400982E96 /* AVFoundation.framework */ = {isa = PBXFileReference; lastKnownFileType = wrapper.framework; name = AVFoundation.framework; path = System/Library/Frameworks/AVFoundation.framework; sourceTree = SDKROOT; };
/* End PBXFileReference section */

/* Begin PBXFrameworksBuildPhase section */
		ABFF16EF2254A75C00982E96 /* Frameworks */ = {
			isa = PBXFrameworksBuildPhase;
			buildActionMask = 2147483647;
			files = (
				ABFF17262255B78400982E96 /* AVFoundation.framework in Frameworks */,
			);
			runOnlyForDeploymentPostprocessing = 0;
		};
/* End PBXFrameworksBuildPhase section */

/* Begin PBXGroup section */
		ABFF16E92254A75C00982E96 = {
			isa = PBXGroup;
			children = (
				ABFF16F42254A75C00982E96 /* deviceInformation */,
				ABFF16F32254A75C00982E96 /* Products */,
				ABFF17242255B78400982E96 /* Frameworks */,
			);
			sourceTree = "<group>";
		};
		ABFF16F32254A75C00982E96 /* Products */ = {
			isa = PBXGroup;
			children = (
				ABFF16F22254A75C00982E96 /* deviceInformation.app */,
			);
			name = Products;
			sourceTree = "<group>";
		};
		ABFF16F42254A75C00982E96 /* deviceInformation */ = {
			isa = PBXGroup;
			children = (
				ABFF170B2254A78000982E96 /* SYDeviceInformation.h */,
				ABFF170C2254A78000982E96 /* SYDeviceInformation.m */,
				ABFF16F52254A75C00982E96 /* AppDelegate.h */,
				ABFF16F62254A75C00982E96 /* AppDelegate.m */,
				ABFF16F82254A75C00982E96 /* ViewController.h */,
				ABFF16F92254A75C00982E96 /* ViewController.m */,
				ABFF16FB2254A75C00982E96 /* Main.storyboard */,
				ABFF16FE2254A75D00982E96 /* Assets.xcassets */,
				ABFF17002254A75D00982E96 /* LaunchScreen.storyboard */,
				ABFF17032254A75D00982E96 /* Info.plist */,
				ABFF17042254A75D00982E96 /* main.m */,
			);
			path = deviceInformation;
			sourceTree = "<group>";
		};
		ABFF17242255B78400982E96 /* Frameworks */ = {
			isa = PBXGroup;
			children = (
				ABFF17252255B78400982E96 /* AVFoundation.framework */,
			);
			name = Frameworks;
			sourceTree = "<group>";
		};
/* End PBXGroup section */

/* Begin PBXNativeTarget section */
		ABFF16F12254A75C00982E96 /* deviceInformation */ = {
			isa = PBXNativeTarget;
			buildConfigurationList = ABFF17082254A75D00982E96 /* Build configuration list for PBXNativeTarget "deviceInformation" */;
			buildPhases = (
				ABFF16EE2254A75C00982E96 /* Sources */,
				ABFF16EF2254A75C00982E96 /* Frameworks */,
				ABFF16F02254A75C00982E96 /* Resources */,
			);
			buildRules = (
			);
			dependencies = (
			);
			name = deviceInformation;
			productName = deviceInformation;
			productReference = ABFF16F22254A75C00982E96 /* deviceInformation.app */;
			productType = "com.apple.product-type.application";
		};
/* End PBXNativeTarget section */

/* Begin PBXProject section */
		ABFF16EA2254A75C00982E96 /* Project object */ = {
			isa = PBXProject;
			attributes = {
				LastUpgradeCheck = 1010;
				ORGANIZATIONNAME = JN;
				TargetAttributes = {
					ABFF16F12254A75C00982E96 = {
						CreatedOnToolsVersion = 10.1;
					};
				};
			};
			buildConfigurationList = ABFF16ED2254A75C00982E96 /* Build configuration list for PBXProject "deviceInformation" */;
			compatibilityVersion = "Xcode 9.3";
			developmentRegion = en;
			hasScannedForEncodings = 0;
			knownRegions = (
				en,
				Base,
			);
			mainGroup = ABFF16E92254A75C00982E96;
			productRefGroup = ABFF16F32254A75C00982E96 /* Products */;
			projectDirPath = "";
			projectRoot = "";
			targets = (
				ABFF16F12254A75C00982E96 /* deviceInformation */,
			);
		};
/* End PBXProject section */

/* Begin PBXResourcesBuildPhase section */
		ABFF16F02254A75C00982E96 /* Resources */ = {
			isa = PBXResourcesBuildPhase;
			buildActionMask = 2147483647;
			files = (
				ABFF17022254A75D00982E96 /* LaunchScreen.storyboard in Resources */,
				ABFF16FF2254A75D00982E96 /* Assets.xcassets in Resources */,
				ABFF16FD2254A75C00982E96 /* Main.storyboard in Resources */,
			);
			runOnlyForDeploymentPostprocessing = 0;
		};
/* End PBXResourcesBuildPhase section */

/* Begin PBXSourcesBuildPhase section */
		ABFF16EE2254A75C00982E96 /* Sources */ = {
			isa = PBXSourcesBuildPhase;
			buildActionMask = 2147483647;
			files = (
				ABFF16FA2254A75C00982E96 /* ViewController.m in Sources */,
				ABFF17052254A75D00982E96 /* main.m in Sources */,
				ABFF170D2254A78000982E96 /* SYDeviceInformation.m in Sources */,
				ABFF16F72254A75C00982E96 /* AppDelegate.m in Sources */,
			);
			runOnlyForDeploymentPostprocessing = 0;
		};
/* End PBXSourcesBuildPhase section */

/* Begin PBXVariantGroup section */
		ABFF16FB2254A75C00982E96 /* Main.storyboard */ = {
			isa = PBXVariantGroup;
			children = (
				ABFF16FC2254A75C00982E96 /* Base */,
			);
			name = Main.storyboard;
			sourceTree = "<group>";
		};
		ABFF17002254A75D00982E96 /* LaunchScreen.storyboard */ = {
			isa = PBXVariantGroup;
			children = (
				ABFF17012254A75D00982E96 /* Base */,
			);
			name = LaunchScreen.storyboard;
			sourceTree = "<group>";
		};
/* End PBXVariantGroup section */

/* Begin XCBuildConfiguration section */
		ABFF17062254A75D00982E96 /* Debug */ = {
			isa = XCBuildConfiguration;
			buildSettings = {
				ALWAYS_SEARCH_USER_PATHS = NO;
				CLANG_ANALYZER_NONNULL = YES;
				CLANG_ANALYZER_NUMBER_OBJECT_CONVERSION = YES_AGGRESSIVE;
				CLANG_CXX_LANGUAGE_STANDARD = "gnu++14";
				CLANG_CXX_LIBRARY = "libc++";
				CLANG_ENABLE_MODULES = YES;
				CLANG_ENABLE_OBJC_ARC = YES;
				CLANG_ENABLE_OBJC_WEAK = YES;
				CLANG_WARN_BLOCK_CAPTURE_AUTORELEASING = YES;
				CLANG_WARN_BOOL_CONVERSION = YES;
				CLANG_WARN_COMMA = YES;
				CLANG_WARN_CONSTANT_CONVERSION = YES;
				CLANG_WARN_DEPRECATED_OBJC_IMPLEMENTATIONS = YES;
				CLANG_WARN_DIRECT_OBJC_ISA_USAGE = YES_ERROR;
				CLANG_WARN_DOCUMENTATION_COMMENTS = YES;
				CLANG_WARN_EMPTY_BODY = YES;
				CLANG_WARN_ENUM_CONVERSION = YES;
				CLANG_WARN_INFINITE_RECURSION = YES;
				CLANG_WARN_INT_CONVERSION = YES;
				CLANG_WARN_NON_LITERAL_NULL_CONVERSION = YES;
				CLANG_WARN_OBJC_IMPLICIT_RETAIN_SELF = YES;
				CLANG_WARN_OBJC_LITERAL_CONVERSION = YES;
				CLANG_WARN_OBJC_ROOT_CLASS = YES_ERROR;
				CLANG_WARN_RANGE_LOOP_ANALYSIS = YES;
				CLANG_WARN_STRICT_PROTOTYPES = YES;
				CLANG_WARN_SUSPICIOUS_MOVE = YES;
				CLANG_WARN_UNGUARDED_AVAILABILITY = YES_AGGRESSIVE;
				CLANG_WARN_UNREACHABLE_CODE = YES;
				CLANG_WARN__DUPLICATE_METHOD_MATCH = YES;
				CODE_SIGN_IDENTITY = "iPhone Developer";
				COPY_PHASE_STRIP = NO;
				DEBUG_INFORMATION_FORMAT = dwarf;
				ENABLE_STRICT_OBJC_MSGSEND = YES;
				ENABLE_TESTABILITY = YES;
				GCC_C_LANGUAGE_STANDARD = gnu11;
				GCC_DYNAMIC_NO_PIC = NO;
				GCC_NO_COMMON_BLOCKS = YES;
				GCC_OPTIMIZATION_LEVEL = 0;
				GCC_PREPROCESSOR_DEFINITIONS = (
					"DEBUG=1",
					"$(inherited)",
				);
				GCC_WARN_64_TO_32_BIT_CONVERSION = YES;
				GCC_WARN_ABOUT_RETURN_TYPE = YES_ERROR;
				GCC_WARN_UNDECLARED_SELECTOR = YES;
				GCC_WARN_UNINITIALIZED_AUTOS = YES_AGGRESSIVE;
				GCC_WARN_UNUSED_FUNCTION = YES;
				GCC_WARN_UNUSED_VARIABLE = YES;
				IPHONEOS_DEPLOYMENT_TARGET = 12.1;
				MTL_ENABLE_DEBUG_INFO = INCLUDE_SOURCE;
				MTL_FAST_MATH = YES;
				ONLY_ACTIVE_ARCH = YES;
				SDKROOT = iphoneos;
			};
			name = Debug;
		};
		ABFF17072254A75D00982E96 /* Release */ = {
			isa = XCBuildConfiguration;
			buildSettings = {
				ALWAYS_SEARCH_USER_PATHS = NO;
				CLANG_ANALYZER_NONNULL = YES;
				CLANG_ANALYZER_NUMBER_OBJECT_CONVERSION = YES_AGGRESSIVE;
				CLANG_CXX_LANGUAGE_STANDARD = "gnu++14";
				CLANG_CXX_LIBRARY = "libc++";
				CLANG_ENABLE_MODULES = YES;
				CLANG_ENABLE_OBJC_ARC = YES;
				CLANG_ENABLE_OBJC_WEAK = YES;
				CLANG_WARN_BLOCK_CAPTURE_AUTORELEASING = YES;
				CLANG_WARN_BOOL_CONVERSION = YES;
				CLANG_WARN_COMMA = YES;
				CLANG_WARN_CONSTANT_CONVERSION = YES;
				CLANG_WARN_DEPRECATED_OBJC_IMPLEMENTATIONS = YES;
				CLANG_WARN_DIRECT_OBJC_ISA_USAGE = YES_ERROR;
				CLANG_WARN_DOCUMENTATION_COMMENTS = YES;
				CLANG_WARN_EMPTY_BODY = YES;
				CLANG_WARN_ENUM_CONVERSION = YES;
				CLANG_WARN_INFINITE_RECURSION = YES;
				CLANG_WARN_INT_CONVERSION = YES;
				CLANG_WARN_NON_LITERAL_NULL_CONVERSION = YES;
				CLANG_WARN_OBJC_IMPLICIT_RETAIN_SELF = YES;
				CLANG_WARN_OBJC_LITERAL_CONVERSION = YES;
				CLANG_WARN_OBJC_ROOT_CLASS = YES_ERROR;
				CLANG_WARN_RANGE_LOOP_ANALYSIS = YES;
				CLANG_WARN_STRICT_PROTOTYPES = YES;
				CLANG_WARN_SUSPICIOUS_MOVE = YES;
				CLANG_WARN_UNGUARDED_AVAILABILITY = YES_AGGRESSIVE;
				CLANG_WARN_UNREACHABLE_CODE = YES;
				CLANG_WARN__DUPLICATE_METHOD_MATCH = YES;
				CODE_SIGN_IDENTITY = "iPhone Developer";
				COPY_PHASE_STRIP = NO;
				DEBUG_INFORMATION_FORMAT = "dwarf-with-dsym";
				ENABLE_NS_ASSERTIONS = NO;
				ENABLE_STRICT_OBJC_MSGSEND = YES;
				GCC_C_LANGUAGE_STANDARD = gnu11;
				GCC_NO_COMMON_BLOCKS = YES;
				GCC_WARN_64_TO_32_BIT_CONVERSION = YES;
				GCC_WARN_ABOUT_RETURN_TYPE = YES_ERROR;
				GCC_WARN_UNDECLARED_SELECTOR = YES;
				GCC_WARN_UNINITIALIZED_AUTOS = YES_AGGRESSIVE;
				GCC_WARN_UNUSED_FUNCTION = YES;
				GCC_WARN_UNUSED_VARIABLE = YES;
				IPHONEOS_DEPLOYMENT_TARGET = 12.1;
				MTL_ENABLE_DEBUG_INFO = NO;
				MTL_FAST_MATH = YES;
				SDKROOT = iphoneos;
				VALIDATE_PRODUCT = YES;
			};
			name = Release;
		};
		ABFF17092254A75D00982E96 /* Debug */ = {
			isa = XCBuildConfiguration;
			buildSettings = {
				ASSETCATALOG_COMPILER_APPICON_NAME = AppIcon;
				CODE_SIGN_STYLE = Automatic;
				DEVELOPMENT_TEAM = 2YDJT4DBSG;
				INFOPLIST_FILE = deviceInformation/Info.plist;
				IPHONEOS_DEPLOYMENT_TARGET = 10.0;
				LD_RUNPATH_SEARCH_PATHS = (
					"$(inherited)",
					"@executable_path/Frameworks",
				);
				PRODUCT_BUNDLE_IDENTIFIER = JN.deviceInformation;
				PRODUCT_NAME = "$(TARGET_NAME)";
				TARGETED_DEVICE_FAMILY = "1,2";
			};
			name = Debug;
		};
		ABFF170A2254A75D00982E96 /* Release */ = {
			isa = XCBuildConfiguration;
			buildSettings = {
				ASSETCATALOG_COMPILER_APPICON_NAME = AppIcon;
				CODE_SIGN_STYLE = Automatic;
				DEVELOPMENT_TEAM = 2YDJT4DBSG;
				INFOPLIST_FILE = deviceInformation/Info.plist;
				IPHONEOS_DEPLOYMENT_TARGET = 10.0;
				LD_RUNPATH_SEARCH_PATHS = (
					"$(inherited)",
					"@executable_path/Frameworks",
				);
				PRODUCT_BUNDLE_IDENTIFIER = JN.deviceInformation;
				PRODUCT_NAME = "$(TARGET_NAME)";
				TARGETED_DEVICE_FAMILY = "1,2";
			};
			name = Release;
		};
/* End XCBuildConfiguration section */

/* Begin XCConfigurationList section */
		ABFF16ED2254A75C00982E96 /* Build configuration list for PBXProject "deviceInformation" */ = {
			isa = XCConfigurationList;
			buildConfigurations = (
				ABFF17062254A75D00982E96 /* Debug */,
				ABFF17072254A75D00982E96 /* Release */,
			);
			defaultConfigurationIsVisible = 0;
			defaultConfigurationName = Release;
		};
		ABFF17082254A75D00982E96 /* Build configuration list for PBXNativeTarget "deviceInformation" */ = {
			isa = XCConfigurationList;
			buildConfigurations = (
				ABFF17092254A75D00982E96 /* Debug */,
				ABFF170A2254A75D00982E96 /* Release */,
			);
			defaultConfigurationIsVisible = 0;
			defaultConfigurationName = Release;
		};
/* End XCConfigurationList section */
	};
	rootObject = ABFF16EA2254A75C00982E96 /* Project object */;
}
